
Microsoft Visual Studio Solution File, Format Version 12.00
# Visual Studio Version 17
VisualStudioVersion = 17.9.34616.47
MinimumVisualStudioVersion = 10.0.40219.1
Project("{FAE04EC0-301F-11D3-BF4B-00C04F79EFBC}") = "APIMinima", "APIMinima\APIMinima.csproj", "{CA0CE690-61ED-4771-A55E-F3E065296898}"
EndProject
Global
	GlobalSection(SolutionConfigurationPlatforms) = preSolution
		Debug|Any CPU = Debug|Any CPU
		Release|Any CPU = Release|Any CPU
	EndGlobalSection
	GlobalSection(ProjectConfigurationPlatforms) = postSolution
		{CA0CE690-61ED-4771-A55E-F3E065296898}.Debug|Any CPU.ActiveCfg = Debug|Any CPU
		{CA0CE690-61ED-4771-A55E-F3E065296898}.Debug|Any CPU.Build.0 = Debug|Any CPU
		{CA0CE690-61ED-4771-A55E-F3E065296898}.Release|Any CPU.ActiveCfg = Release|Any CPU
		{CA0CE690-61ED-4771-A55E-F3E065296898}.Release|Any CPU.Build.0 = Release|Any CPU
	EndGlobalSection
	GlobalSection(SolutionProperties) = preSolution
		HideSolutionNode = FALSE
	EndGlobalSection
	GlobalSection(ExtensibilityGlobals) = postSolution
		SolutionGuid = {BCC9AC29-4889-453D-BF8C-4ACD324C8A23}
	EndGlobalSection
EndGlobal
